{
  "requires": true,
  "lockfileVersion": 1,
  "dependencies": {
    "chrono-node": {
      "version": "2.7.7",
      "resolved": "https://registry.npmjs.org/chrono-node/-/chrono-node-2.7.7.tgz",
      "integrity": "sha512-p3S7gotuTPu5oqhRL2p1fLwQXGgdQaRTtWR3e8Di9P1Pa9mzkK5DWR5AWBieMUh2ZdOnPgrK+zCrbbtyuA+D/Q==",
      "requires": {
        "dayjs": "^1.10.0"
      }
    },
    "dayjs": {
      "version": "1.11.13",
      "resolved": "https://registry.npmjs.org/dayjs/-/dayjs-1.11.13.tgz",
      "integrity": "sha512-oaMBel6gjolK862uaPQOVTA7q3TZhuSvuMQAAglQDOWYO9A91IrAOUJEyKVlqJlHE0vq5p5UXxzdPfMH/x6xNg=="
    }
  }
}
